# THIS IS AN AUTOGENERATED FILE. DO NOT EDIT THIS FILE DIRECTLY.
# yarn lockfile v1


credit-card-validate@^0.9.3:
  version "0.9.3"
  resolved "https://registry.yarnpkg.com/credit-card-validate/-/credit-card-validate-0.9.3.tgz#3fc996b715d5b570ac3d15dfef9ab03eecdb982a"
  integrity sha1-P8mWtxXVtXCsPRXf75qwPuzbmCo=
